{
    "name": "@internal/hugo",
    "version": "1.0.0",
    "lockfileVersion": 3,
    "requires": true,
    "packages": {
        "": {
            "name": "@internal/hugo",
            "version": "1.0.0",
            "dependencies": {
                "@internal/hugo": "file:"
            }
        },
        "node_modules/@internal/hugo": {
            "resolved": "",
            "link": true
        }
    }
}
